
Microsoft Visual Studio Solution File, Format Version 12.00
# Visual Studio Version 16
VisualStudioVersion = 16.0.32106.194
MinimumVisualStudioVersion = 10.0.40219.1
Project("{FAE04EC0-301F-11D3-BF4B-00C04F79EFBC}") = "NETAPIVUEJSAPI", "NETAPIVUEJSAPI.csproj", "{0C39D3C6-1645-4D4F-9F0C-CD9D5EEF6E5E}"
EndProject
Global
	GlobalSection(SolutionConfigurationPlatforms) = preSolution
		Debug|Any CPU = Debug|Any CPU
		Release|Any CPU = Release|Any CPU
	EndGlobalSection
	GlobalSection(ProjectConfigurationPlatforms) = postSolution
		{0C39D3C6-1645-4D4F-9F0C-CD9D5EEF6E5E}.Debug|Any CPU.ActiveCfg = Debug|Any CPU
		{0C39D3C6-1645-4D4F-9F0C-CD9D5EEF6E5E}.Debug|Any CPU.Build.0 = Debug|Any CPU
		{0C39D3C6-1645-4D4F-9F0C-CD9D5EEF6E5E}.Release|Any CPU.ActiveCfg = Release|Any CPU
		{0C39D3C6-1645-4D4F-9F0C-CD9D5EEF6E5E}.Release|Any CPU.Build.0 = Release|Any CPU
	EndGlobalSection
	GlobalSection(SolutionProperties) = preSolution
		HideSolutionNode = FALSE
	EndGlobalSection
	GlobalSection(ExtensibilityGlobals) = postSolution
		SolutionGuid = {6F3D11E8-99D5-44A8-9AD6-070A2DA1318F}
	EndGlobalSection
EndGlobal
